
Microsoft Visual Studio Solution File, Format Version 12.00
# Visual Studio Version 16
VisualStudioVersion = 16.0.31624.102
MinimumVisualStudioVersion = 10.0.40219.1
Project("{FAE04EC0-301F-11D3-BF4B-00C04F79EFBC}") = "RealtorFirmProject", "RealtorFirmProject\RealtorFirmProject.csproj", "{308B7360-75CA-4EC4-9BAE-9412F2AAF015}"
EndProject
Project("{FAE04EC0-301F-11D3-BF4B-00C04F79EFBC}") = "DAL", "DAL\DAL.csproj", "{FE5EC292-8D39-42B9-B306-27EA99631F1B}"
EndProject
Project("{FAE04EC0-301F-11D3-BF4B-00C04F79EFBC}") = "BLL", "BLL\BLL.csproj", "{6B4D7DD4-1DEA-45B5-90C2-E02099719DB3}"
EndProject
Global
	GlobalSection(SolutionConfigurationPlatforms) = preSolution
		Debug|Any CPU = Debug|Any CPU
		Release|Any CPU = Release|Any CPU
	EndGlobalSection
	GlobalSection(ProjectConfigurationPlatforms) = postSolution
		{308B7360-75CA-4EC4-9BAE-9412F2AAF015}.Debug|Any CPU.ActiveCfg = Debug|Any CPU
		{308B7360-75CA-4EC4-9BAE-9412F2AAF015}.Debug|Any CPU.Build.0 = Debug|Any CPU
		{308B7360-75CA-4EC4-9BAE-9412F2AAF015}.Release|Any CPU.ActiveCfg = Release|Any CPU
		{308B7360-75CA-4EC4-9BAE-9412F2AAF015}.Release|Any CPU.Build.0 = Release|Any CPU
		{FE5EC292-8D39-42B9-B306-27EA99631F1B}.Debug|Any CPU.ActiveCfg = Debug|Any CPU
		{FE5EC292-8D39-42B9-B306-27EA99631F1B}.Debug|Any CPU.Build.0 = Debug|Any CPU
		{FE5EC292-8D39-42B9-B306-27EA99631F1B}.Release|Any CPU.ActiveCfg = Release|Any CPU
		{FE5EC292-8D39-42B9-B306-27EA99631F1B}.Release|Any CPU.Build.0 = Release|Any CPU
		{6B4D7DD4-1DEA-45B5-90C2-E02099719DB3}.Debug|Any CPU.ActiveCfg = Debug|Any CPU
		{6B4D7DD4-1DEA-45B5-90C2-E02099719DB3}.Debug|Any CPU.Build.0 = Debug|Any CPU
		{6B4D7DD4-1DEA-45B5-90C2-E02099719DB3}.Release|Any CPU.ActiveCfg = Release|Any CPU
		{6B4D7DD4-1DEA-45B5-90C2-E02099719DB3}.Release|Any CPU.Build.0 = Release|Any CPU
	EndGlobalSection
	GlobalSection(SolutionProperties) = preSolution
		HideSolutionNode = FALSE
	EndGlobalSection
	GlobalSection(ExtensibilityGlobals) = postSolution
		SolutionGuid = {D3A05AA7-ABA1-4C46-9C6F-DDABCAA55DB1}
	EndGlobalSection
EndGlobal
