
Microsoft Visual Studio Solution File, Format Version 12.00
# Visual Studio Version 16
VisualStudioVersion = 16.0.31624.102
MinimumVisualStudioVersion = 10.0.40219.1
Project("{FAE04EC0-301F-11D3-BF4B-00C04F79EFBC}") = "Lab 2 v2", "Lab 2 v2\Lab 2 v2.csproj", "{DF736464-709A-44C7-97F3-95594D9F2227}"
EndProject
Global
	GlobalSection(SolutionConfigurationPlatforms) = preSolution
		Debug|Any CPU = Debug|Any CPU
		Release|Any CPU = Release|Any CPU
	EndGlobalSection
	GlobalSection(ProjectConfigurationPlatforms) = postSolution
		{DF736464-709A-44C7-97F3-95594D9F2227}.Debug|Any CPU.ActiveCfg = Debug|Any CPU
		{DF736464-709A-44C7-97F3-95594D9F2227}.Debug|Any CPU.Build.0 = Debug|Any CPU
		{DF736464-709A-44C7-97F3-95594D9F2227}.Release|Any CPU.ActiveCfg = Release|Any CPU
		{DF736464-709A-44C7-97F3-95594D9F2227}.Release|Any CPU.Build.0 = Release|Any CPU
	EndGlobalSection
	GlobalSection(SolutionProperties) = preSolution
		HideSolutionNode = FALSE
	EndGlobalSection
	GlobalSection(ExtensibilityGlobals) = postSolution
		SolutionGuid = {21EF3FAF-590E-4C8F-B171-59DFE794F3E0}
	EndGlobalSection
EndGlobal
